PODS:
  - AFNetworking (1.3.4)
  - AVOSCloud (3.1.2.8)
  - LeanCloudSocial (0.0.1):
    - AFNetworking (~> 1.0)
    - AVOSCloud (~> 3.1)

DEPENDENCIES:
  - LeanCloudSocial (from `../`)

EXTERNAL SOURCES:
  LeanCloudSocial:
    :path: ../

SPEC CHECKSUMS:
  AFNetworking: cf8e418e16f0c9c7e5c3150d019a3c679d015018
  AVOSCloud: 534bef9ffbf9d9acd7e96f74ca6faf590f4acf28
  LeanCloudSocial: 1eba6715c1fb830d474370126047319d02e8aae5

COCOAPODS: 0.37.2
